
Microsoft Visual Studio Solution File, Format Version 12.00
# Visual Studio Version 17
VisualStudioVersion = 17.5.002.0
MinimumVisualStudioVersion = 10.0.40219.1
Project("{9A19103F-16F7-4668-BE54-9A1E7A4F7556}") = "PortafolioII", "PortafolioII.csproj", "{6C5ED8BE-BFD6-4406-92BB-54193A6B732B}"
EndProject
Global
	GlobalSection(SolutionConfigurationPlatforms) = preSolution
		Debug|Any CPU = Debug|Any CPU
		Release|Any CPU = Release|Any CPU
	EndGlobalSection
	GlobalSection(ProjectConfigurationPlatforms) = postSolution
		{6C5ED8BE-BFD6-4406-92BB-54193A6B732B}.Debug|Any CPU.ActiveCfg = Debug|Any CPU
		{6C5ED8BE-BFD6-4406-92BB-54193A6B732B}.Debug|Any CPU.Build.0 = Debug|Any CPU
		{6C5ED8BE-BFD6-4406-92BB-54193A6B732B}.Release|Any CPU.ActiveCfg = Release|Any CPU
		{6C5ED8BE-BFD6-4406-92BB-54193A6B732B}.Release|Any CPU.Build.0 = Release|Any CPU
	EndGlobalSection
	GlobalSection(SolutionProperties) = preSolution
		HideSolutionNode = FALSE
	EndGlobalSection
	GlobalSection(ExtensibilityGlobals) = postSolution
		SolutionGuid = {8BB3384B-A221-4B51-BC36-35A3E9829D60}
	EndGlobalSection
EndGlobal
